
Microsoft Visual Studio Solution File, Format Version 12.00
# Visual Studio 15
VisualStudioVersion = 15.0.26730.16
MinimumVisualStudioVersion = 10.0.40219.1
Project("{FAE04EC0-301F-11D3-BF4B-00C04F79EFBC}") = "Proyectro", "Proyectro\Proyectro.csproj", "{0FC807DE-F115-4F26-AF4F-BCDD0FAFCB44}"
EndProject
Global
	GlobalSection(SolutionConfigurationPlatforms) = preSolution
		Debug|Any CPU = Debug|Any CPU
		Release|Any CPU = Release|Any CPU
	EndGlobalSection
	GlobalSection(ProjectConfigurationPlatforms) = postSolution
		{0FC807DE-F115-4F26-AF4F-BCDD0FAFCB44}.Debug|Any CPU.ActiveCfg = Debug|Any CPU
		{0FC807DE-F115-4F26-AF4F-BCDD0FAFCB44}.Debug|Any CPU.Build.0 = Debug|Any CPU
		{0FC807DE-F115-4F26-AF4F-BCDD0FAFCB44}.Release|Any CPU.ActiveCfg = Release|Any CPU
		{0FC807DE-F115-4F26-AF4F-BCDD0FAFCB44}.Release|Any CPU.Build.0 = Release|Any CPU
	EndGlobalSection
	GlobalSection(SolutionProperties) = preSolution
		HideSolutionNode = FALSE
	EndGlobalSection
	GlobalSection(ExtensibilityGlobals) = postSolution
		SolutionGuid = {73FE997B-1BCD-4A10-AB09-29F58ED6CACA}
	EndGlobalSection
EndGlobal
